
Microsoft Visual Studio Solution File, Format Version 12.00
# Visual Studio 14
VisualStudioVersion = 14.0.25420.1
MinimumVisualStudioVersion = 10.0.40219.1
Project("{2150E333-8FDC-42A3-9474-1A3956D46DE8}") = ".nuget", ".nuget", "{021DD8C8-BDDC-48FA-A008-45AFD1106915}"
	ProjectSection(SolutionItems) = preProject
		.nuget\NuGet.Config = .nuget\NuGet.Config
		.nuget\NuGet.exe = .nuget\NuGet.exe
		.nuget\NuGet.targets = .nuget\NuGet.targets
	EndProjectSection
EndProject
Project("{FAE04EC0-301F-11D3-BF4B-00C04F79EFBC}") = "Aspose.Video.Cloud.SDK", "Aspose.Video.Cloud.SDK\Aspose.Video.Cloud.SDK.csproj", "{1FFDA264-79CD-4B33-8B11-AE154B43C1F5}"
EndProject
Project("{2150E333-8FDC-42A3-9474-1A3956D46DE8}") = "Solution Items", "Solution Items", "{DD88814E-8294-4979-9F64-2CE131DAA6F6}"
	ProjectSection(SolutionItems) = preProject
		Local.testsettings = Local.testsettings
		TraceAndTestImpact.testsettings = TraceAndTestImpact.testsettings
	EndProjectSection
EndProject
Project("{FAE04EC0-301F-11D3-BF4B-00C04F79EFBC}") = "Aspose.Video.Cloud.Sdk.Tests", "Aspose.Video.Cloud.Sdk.Tests\Aspose.Video.Cloud.Sdk.Tests.csproj", "{8CF8BA4E-C9A0-471E-BE9A-81CDD58783F2}"
EndProject
Global
	GlobalSection(SolutionConfigurationPlatforms) = preSolution
		Debug|Any CPU = Debug|Any CPU
		Release|Any CPU = Release|Any CPU
	EndGlobalSection
	GlobalSection(ProjectConfigurationPlatforms) = postSolution
		{1FFDA264-79CD-4B33-8B11-AE154B43C1F5}.Debug|Any CPU.ActiveCfg = Debug|Any CPU
		{1FFDA264-79CD-4B33-8B11-AE154B43C1F5}.Debug|Any CPU.Build.0 = Debug|Any CPU
		{1FFDA264-79CD-4B33-8B11-AE154B43C1F5}.Release|Any CPU.ActiveCfg = Release|Any CPU
		{1FFDA264-79CD-4B33-8B11-AE154B43C1F5}.Release|Any CPU.Build.0 = Release|Any CPU
		{8CF8BA4E-C9A0-471E-BE9A-81CDD58783F2}.Debug|Any CPU.ActiveCfg = Debug|Any CPU
		{8CF8BA4E-C9A0-471E-BE9A-81CDD58783F2}.Debug|Any CPU.Build.0 = Debug|Any CPU
		{8CF8BA4E-C9A0-471E-BE9A-81CDD58783F2}.Release|Any CPU.ActiveCfg = Release|Any CPU
		{8CF8BA4E-C9A0-471E-BE9A-81CDD58783F2}.Release|Any CPU.Build.0 = Release|Any CPU
	EndGlobalSection
	GlobalSection(SolutionProperties) = preSolution
		HideSolutionNode = FALSE
	EndGlobalSection
EndGlobal
